
Microsoft Visual Studio Solution File, Format Version 12.00
# Visual Studio 15
VisualStudioVersion = 15.0.27130.2026
MinimumVisualStudioVersion = 10.0.40219.1
Project("{9A19103F-16F7-4668-BE54-9A1E7A4F7556}") = "Timataka.Web", "Timataka.Web\Timataka.Web.csproj", "{4C719EC5-DAC8-46FF-84D6-A31960A70509}"
EndProject
Project("{9A19103F-16F7-4668-BE54-9A1E7A4F7556}") = "Timataka.Core", "Timataka.Core\Timataka.Core.csproj", "{D5A308C7-DB2F-4CD9-B8F5-87118DAEB65D}"
EndProject
Global
	GlobalSection(SolutionConfigurationPlatforms) = preSolution
		Debug|Any CPU = Debug|Any CPU
		Release|Any CPU = Release|Any CPU
	EndGlobalSection
	GlobalSection(ProjectConfigurationPlatforms) = postSolution
		{4C719EC5-DAC8-46FF-84D6-A31960A70509}.Debug|Any CPU.ActiveCfg = Debug|Any CPU
		{4C719EC5-DAC8-46FF-84D6-A31960A70509}.Debug|Any CPU.Build.0 = Debug|Any CPU
		{4C719EC5-DAC8-46FF-84D6-A31960A70509}.Release|Any CPU.ActiveCfg = Release|Any CPU
		{4C719EC5-DAC8-46FF-84D6-A31960A70509}.Release|Any CPU.Build.0 = Release|Any CPU
		{D5A308C7-DB2F-4CD9-B8F5-87118DAEB65D}.Debug|Any CPU.ActiveCfg = Debug|Any CPU
		{D5A308C7-DB2F-4CD9-B8F5-87118DAEB65D}.Debug|Any CPU.Build.0 = Debug|Any CPU
		{D5A308C7-DB2F-4CD9-B8F5-87118DAEB65D}.Release|Any CPU.ActiveCfg = Release|Any CPU
		{D5A308C7-DB2F-4CD9-B8F5-87118DAEB65D}.Release|Any CPU.Build.0 = Release|Any CPU
	EndGlobalSection
	GlobalSection(SolutionProperties) = preSolution
		HideSolutionNode = FALSE
	EndGlobalSection
	GlobalSection(ExtensibilityGlobals) = postSolution
		SolutionGuid = {DBAFDA3C-5AEF-43AD-A854-C836FBBE4CFD}
	EndGlobalSection
EndGlobal
